// !$*UTF8*$!
{
	archiveVersion = 1;
	classes = {
	};
	objectVersion = 56;
	objects = {

/* Begin PBXBuildFile section */
		DB22086F28DE4C63004A93F5 /* AppDelegate.swift in Sources */ = {isa = PBXBuildFile; fileRef = DB22086E28DE4C63004A93F5 /* AppDelegate.swift */; };
		DB22087128DE4C63004A93F5 /* SceneDelegate.swift in Sources */ = {isa = PBXBuildFile; fileRef = DB22087028DE4C63004A93F5 /* SceneDelegate.swift */; };
		DB22087328DE4C63004A93F5 /* GameViewController.swift in Sources */ = {isa = PBXBuildFile; fileRef = DB22087228DE4C63004A93F5 /* GameViewController.swift */; };
		DB22087628DE4C63004A93F5 /* Main.storyboard in Resources */ = {isa = PBXBuildFile; fileRef = DB22087428DE4C63004A93F5 /* Main.storyboard */; };
		DB22087828DE4C67004A93F5 /* Assets.xcassets in Resources */ = {isa = PBXBuildFile; fileRef = DB22087728DE4C67004A93F5 /* Assets.xcassets */; };
		DB22087B28DE4C67004A93F5 /* LaunchScreen.storyboard in Resources */ = {isa = PBXBuildFile; fileRef = DB22087928DE4C67004A93F5 /* LaunchScreen.storyboard */; };
		DB22088328DE4DB2004A93F5 /* SecondViewController.swift in Sources */ = {isa = PBXBuildFile; fileRef = DB22088228DE4DB2004A93F5 /* SecondViewController.swift */; };
		DB22088528DE4DC1004A93F5 /* MenuViewController.swift in Sources */ = {isa = PBXBuildFile; fileRef = DB22088428DE4DC1004A93F5 /* MenuViewController.swift */; };
		DB22088728DE4DE0004A93F5 /* extension+Button.swift in Sources */ = {isa = PBXBuildFile; fileRef = DB22088628DE4DE0004A93F5 /* extension+Button.swift */; };
		DB22088A28DE4E11004A93F5 /* ImageWithCatsCollectionViewCell.swift in Sources */ = {isa = PBXBuildFile; fileRef = DB22088828DE4E11004A93F5 /* ImageWithCatsCollectionViewCell.swift */; };
		DB22088B28DE4E11004A93F5 /* ImageWithCatsCollectionViewCell.xib in Resources */ = {isa = PBXBuildFile; fileRef = DB22088928DE4E11004A93F5 /* ImageWithCatsCollectionViewCell.xib */; };
		DB66436F28E752600065C897 /* SettingsViewController.swift in Sources */ = {isa = PBXBuildFile; fileRef = DB66436E28E7525F0065C897 /* SettingsViewController.swift */; };
		DB66437128E758340065C897 /* ChangeColorViewController.swift in Sources */ = {isa = PBXBuildFile; fileRef = DB66437028E758330065C897 /* ChangeColorViewController.swift */; };
		DB66437328E758550065C897 /* ChangeBarrierViewController.swift in Sources */ = {isa = PBXBuildFile; fileRef = DB66437228E758550065C897 /* ChangeBarrierViewController.swift */; };
		E84595C2065478D4A78A654B /* Pods_AnimationCar.framework in Frameworks */ = {isa = PBXBuildFile; fileRef = FD8EBDDA279EFA404C195E84 /* Pods_AnimationCar.framework */; };
/* End PBXBuildFile section */

/* Begin PBXFileReference section */
		0787EF05B79929F89780F8FC /* Pods-AnimationCar.release.xcconfig */ = {isa = PBXFileReference; includeInIndex = 1; lastKnownFileType = text.xcconfig; name = "Pods-AnimationCar.release.xcconfig"; path = "Target Support Files/Pods-AnimationCar/Pods-AnimationCar.release.xcconfig"; sourceTree = "<group>"; };
		8EA97B9B40EF5009E859C305 /* Pods-AnimationCar.debug.xcconfig */ = {isa = PBXFileReference; includeInIndex = 1; lastKnownFileType = text.xcconfig; name = "Pods-AnimationCar.debug.xcconfig"; path = "Target Support Files/Pods-AnimationCar/Pods-AnimationCar.debug.xcconfig"; sourceTree = "<group>"; };
		DB22086B28DE4C63004A93F5 /* AnimationCar.app */ = {isa = PBXFileReference; explicitFileType = wrapper.application; includeInIndex = 0; path = AnimationCar.app; sourceTree = BUILT_PRODUCTS_DIR; };
		DB22086E28DE4C63004A93F5 /* AppDelegate.swift */ = {isa = PBXFileReference; lastKnownFileType = sourcecode.swift; path = AppDelegate.swift; sourceTree = "<group>"; };
		DB22087028DE4C63004A93F5 /* SceneDelegate.swift */ = {isa = PBXFileReference; lastKnownFileType = sourcecode.swift; path = SceneDelegate.swift; sourceTree = "<group>"; };
		DB22087228DE4C63004A93F5 /* GameViewController.swift */ = {isa = PBXFileReference; lastKnownFileType = sourcecode.swift; path = GameViewController.swift; sourceTree = "<group>"; };
		DB22087528DE4C63004A93F5 /* Base */ = {isa = PBXFileReference; lastKnownFileType = file.storyboard; name = Base; path = Base.lproj/Main.storyboard; sourceTree = "<group>"; };
		DB22087728DE4C67004A93F5 /* Assets.xcassets */ = {isa = PBXFileReference; lastKnownFileType = folder.assetcatalog; path = Assets.xcassets; sourceTree = "<group>"; };
		DB22087A28DE4C67004A93F5 /* Base */ = {isa = PBXFileReference; lastKnownFileType = file.storyboard; name = Base; path = Base.lproj/LaunchScreen.storyboard; sourceTree = "<group>"; };
		DB22087C28DE4C67004A93F5 /* Info.plist */ = {isa = PBXFileReference; lastKnownFileType = text.plist.xml; path = Info.plist; sourceTree = "<group>"; };
		DB22088228DE4DB2004A93F5 /* SecondViewController.swift */ = {isa = PBXFileReference; lastKnownFileType = sourcecode.swift; path = SecondViewController.swift; sourceTree = "<group>"; };
		DB22088428DE4DC1004A93F5 /* MenuViewController.swift */ = {isa = PBXFileReference; lastKnownFileType = sourcecode.swift; path = MenuViewController.swift; sourceTree = "<group>"; };
		DB22088628DE4DE0004A93F5 /* extension+Button.swift */ = {isa = PBXFileReference; lastKnownFileType = sourcecode.swift; path = "extension+Button.swift"; sourceTree = "<group>"; };
		DB22088828DE4E11004A93F5 /* ImageWithCatsCollectionViewCell.swift */ = {isa = PBXFileReference; lastKnownFileType = sourcecode.swift; path = ImageWithCatsCollectionViewCell.swift; sourceTree = "<group>"; };
		DB22088928DE4E11004A93F5 /* ImageWithCatsCollectionViewCell.xib */ = {isa = PBXFileReference; lastKnownFileType = file.xib; path = ImageWithCatsCollectionViewCell.xib; sourceTree = "<group>"; };
		DB66436E28E7525F0065C897 /* SettingsViewController.swift */ = {isa = PBXFileReference; lastKnownFileType = sourcecode.swift; path = SettingsViewController.swift; sourceTree = "<group>"; };
		DB66437028E758330065C897 /* ChangeColorViewController.swift */ = {isa = PBXFileReference; lastKnownFileType = sourcecode.swift; path = ChangeColorViewController.swift; sourceTree = "<group>"; wrapsLines = 0; };
		DB66437228E758550065C897 /* ChangeBarrierViewController.swift */ = {isa = PBXFileReference; lastKnownFileType = sourcecode.swift; path = ChangeBarrierViewController.swift; sourceTree = "<group>"; };
		FD8EBDDA279EFA404C195E84 /* Pods_AnimationCar.framework */ = {isa = PBXFileReference; explicitFileType = wrapper.framework; includeInIndex = 0; path = Pods_AnimationCar.framework; sourceTree = BUILT_PRODUCTS_DIR; };
/* End PBXFileReference section */

/* Begin PBXFrameworksBuildPhase section */
		DB22086828DE4C63004A93F5 /* Frameworks */ = {
			isa = PBXFrameworksBuildPhase;
			buildActionMask = 2147483647;
			files = (
				E84595C2065478D4A78A654B /* Pods_AnimationCar.framework in Frameworks */,
			);
			runOnlyForDeploymentPostprocessing = 0;
		};
/* End PBXFrameworksBuildPhase section */

/* Begin PBXGroup section */
		3B4E2BBDEF32B99CBA7795D8 /* Frameworks */ = {
			isa = PBXGroup;
			children = (
				FD8EBDDA279EFA404C195E84 /* Pods_AnimationCar.framework */,
			);
			name = Frameworks;
			sourceTree = "<group>";
		};
		CC32D937B221BD1FB084403D /* Pods */ = {
			isa = PBXGroup;
			children = (
				8EA97B9B40EF5009E859C305 /* Pods-AnimationCar.debug.xcconfig */,
				0787EF05B79929F89780F8FC /* Pods-AnimationCar.release.xcconfig */,
			);
			path = Pods;
			sourceTree = "<group>";
		};
		DB22086228DE4C63004A93F5 = {
			isa = PBXGroup;
			children = (
				DB22086D28DE4C63004A93F5 /* AnimationCar */,
				DB22086C28DE4C63004A93F5 /* Products */,
				CC32D937B221BD1FB084403D /* Pods */,
				3B4E2BBDEF32B99CBA7795D8 /* Frameworks */,
			);
			sourceTree = "<group>";
		};
		DB22086C28DE4C63004A93F5 /* Products */ = {
			isa = PBXGroup;
			children = (
				DB22086B28DE4C63004A93F5 /* AnimationCar.app */,
			);
			name = Products;
			sourceTree = "<group>";
		};
		DB22086D28DE4C63004A93F5 /* AnimationCar */ = {
			isa = PBXGroup;
			children = (
				DB22086E28DE4C63004A93F5 /* AppDelegate.swift */,
				DB22087028DE4C63004A93F5 /* SceneDelegate.swift */,
				DB22088228DE4DB2004A93F5 /* SecondViewController.swift */,
				DB22088428DE4DC1004A93F5 /* MenuViewController.swift */,
				DB66436E28E7525F0065C897 /* SettingsViewController.swift */,
				DB22088628DE4DE0004A93F5 /* extension+Button.swift */,
				DB22088828DE4E11004A93F5 /* ImageWithCatsCollectionViewCell.swift */,
				DB22088928DE4E11004A93F5 /* ImageWithCatsCollectionViewCell.xib */,
				DB22087428DE4C63004A93F5 /* Main.storyboard */,
				DB22087228DE4C63004A93F5 /* GameViewController.swift */,
				DB66437028E758330065C897 /* ChangeColorViewController.swift */,
				DB66437228E758550065C897 /* ChangeBarrierViewController.swift */,
				DB22087728DE4C67004A93F5 /* Assets.xcassets */,
				DB22087928DE4C67004A93F5 /* LaunchScreen.storyboard */,
				DB22087C28DE4C67004A93F5 /* Info.plist */,
			);
			path = AnimationCar;
			sourceTree = "<group>";
		};
/* End PBXGroup section */

/* Begin PBXNativeTarget section */
		DB22086A28DE4C63004A93F5 /* AnimationCar */ = {
			isa = PBXNativeTarget;
			buildConfigurationList = DB22087F28DE4C67004A93F5 /* Build configuration list for PBXNativeTarget "AnimationCar" */;
			buildPhases = (
				1BCC7008CDC1B4A7E98FD2CE /* [CP] Check Pods Manifest.lock */,
				DB22086728DE4C63004A93F5 /* Sources */,
				DB22086828DE4C63004A93F5 /* Frameworks */,
				DB22086928DE4C63004A93F5 /* Resources */,
				DBC23CC928DE5A4100AEF9B3 /* ShellScript */,
				8C1EC83B1E1509174A3CC112 /* [CP] Embed Pods Frameworks */,
			);
			buildRules = (
			);
			dependencies = (
			);
			name = AnimationCar;
			productName = AnimationCar;
			productReference = DB22086B28DE4C63004A93F5 /* AnimationCar.app */;
			productType = "com.apple.product-type.application";
		};
/* End PBXNativeTarget section */

/* Begin PBXProject section */
		DB22086328DE4C63004A93F5 /* Project object */ = {
			isa = PBXProject;
			attributes = {
				BuildIndependentTargetsInParallel = 1;
				LastSwiftUpdateCheck = 1400;
				LastUpgradeCheck = 1400;
				TargetAttributes = {
					DB22086A28DE4C63004A93F5 = {
						CreatedOnToolsVersion = 14.0;
					};
				};
			};
			buildConfigurationList = DB22086628DE4C63004A93F5 /* Build configuration list for PBXProject "AnimationCar" */;
			compatibilityVersion = "Xcode 14.0";
			developmentRegion = en;
			hasScannedForEncodings = 0;
			knownRegions = (
				en,
				Base,
			);
			mainGroup = DB22086228DE4C63004A93F5;
			productRefGroup = DB22086C28DE4C63004A93F5 /* Products */;
			projectDirPath = "";
			projectRoot = "";
			targets = (
				DB22086A28DE4C63004A93F5 /* AnimationCar */,
			);
		};
/* End PBXProject section */

/* Begin PBXResourcesBuildPhase section */
		DB22086928DE4C63004A93F5 /* Resources */ = {
			isa = PBXResourcesBuildPhase;
			buildActionMask = 2147483647;
			files = (
				DB22087B28DE4C67004A93F5 /* LaunchScreen.storyboard in Resources */,
				DB22088B28DE4E11004A93F5 /* ImageWithCatsCollectionViewCell.xib in Resources */,
				DB22087828DE4C67004A93F5 /* Assets.xcassets in Resources */,
				DB22087628DE4C63004A93F5 /* Main.storyboard in Resources */,
			);
			runOnlyForDeploymentPostprocessing = 0;
		};
/* End PBXResourcesBuildPhase section */

/* Begin PBXShellScriptBuildPhase section */
		1BCC7008CDC1B4A7E98FD2CE /* [CP] Check Pods Manifest.lock */ = {
			isa = PBXShellScriptBuildPhase;
			buildActionMask = 2147483647;
			files = (
			);
			inputFileListPaths = (
			);
			inputPaths = (
				"${PODS_PODFILE_DIR_PATH}/Podfile.lock",
				"${PODS_ROOT}/Manifest.lock",
			);
			name = "[CP] Check Pods Manifest.lock";
			outputFileListPaths = (
			);
			outputPaths = (
				"$(DERIVED_FILE_DIR)/Pods-AnimationCar-checkManifestLockResult.txt",
			);
			runOnlyForDeploymentPostprocessing = 0;
			shellPath = /bin/sh;
			shellScript = "diff \"${PODS_PODFILE_DIR_PATH}/Podfile.lock\" \"${PODS_ROOT}/Manifest.lock\" > /dev/null\nif [ $? != 0 ] ; then\n    # print error to STDERR\n    echo \"error: The sandbox is not in sync with the Podfile.lock. Run 'pod install' or update your CocoaPods installation.\" >&2\n    exit 1\nfi\n# This output is used by Xcode 'outputs' to avoid re-running this script phase.\necho \"SUCCESS\" > \"${SCRIPT_OUTPUT_FILE_0}\"\n";
			showEnvVarsInLog = 0;
		};
		8C1EC83B1E1509174A3CC112 /* [CP] Embed Pods Frameworks */ = {
			isa = PBXShellScriptBuildPhase;
			buildActionMask = 2147483647;
			files = (
			);
			inputFileListPaths = (
				"${PODS_ROOT}/Target Support Files/Pods-AnimationCar/Pods-AnimationCar-frameworks-${CONFIGURATION}-input-files.xcfilelist",
			);
			name = "[CP] Embed Pods Frameworks";
			outputFileListPaths = (
				"${PODS_ROOT}/Target Support Files/Pods-AnimationCar/Pods-AnimationCar-frameworks-${CONFIGURATION}-output-files.xcfilelist",
			);
			runOnlyForDeploymentPostprocessing = 0;
			shellPath = /bin/sh;
			shellScript = "\"${PODS_ROOT}/Target Support Files/Pods-AnimationCar/Pods-AnimationCar-frameworks.sh\"\n";
			showEnvVarsInLog = 0;
		};
		DBC23CC928DE5A4100AEF9B3 /* ShellScript */ = {
			isa = PBXShellScriptBuildPhase;
			buildActionMask = 8;
			files = (
			);
			inputFileListPaths = (
			);
			inputPaths = (
			);
			outputFileListPaths = (
			);
			outputPaths = (
			);
			runOnlyForDeploymentPostprocessing = 1;
			shellPath = /bin/sh;
			shellScript = "\"${PODS_ROOT}/SwiftLint/swiftlint\"\n";
		};
/* End PBXShellScriptBuildPhase section */

/* Begin PBXSourcesBuildPhase section */
		DB22086728DE4C63004A93F5 /* Sources */ = {
			isa = PBXSourcesBuildPhase;
			buildActionMask = 2147483647;
			files = (
				DB22088328DE4DB2004A93F5 /* SecondViewController.swift in Sources */,
				DB22088A28DE4E11004A93F5 /* ImageWithCatsCollectionViewCell.swift in Sources */,
				DB22088728DE4DE0004A93F5 /* extension+Button.swift in Sources */,
				DB22088528DE4DC1004A93F5 /* MenuViewController.swift in Sources */,
				DB22087328DE4C63004A93F5 /* GameViewController.swift in Sources */,
				DB66437128E758340065C897 /* ChangeColorViewController.swift in Sources */,
				DB22086F28DE4C63004A93F5 /* AppDelegate.swift in Sources */,
				DB22087128DE4C63004A93F5 /* SceneDelegate.swift in Sources */,
				DB66437328E758550065C897 /* ChangeBarrierViewController.swift in Sources */,
				DB66436F28E752600065C897 /* SettingsViewController.swift in Sources */,
			);
			runOnlyForDeploymentPostprocessing = 0;
		};
/* End PBXSourcesBuildPhase section */

/* Begin PBXVariantGroup section */
		DB22087428DE4C63004A93F5 /* Main.storyboard */ = {
			isa = PBXVariantGroup;
			children = (
				DB22087528DE4C63004A93F5 /* Base */,
			);
			name = Main.storyboard;
			sourceTree = "<group>";
		};
		DB22087928DE4C67004A93F5 /* LaunchScreen.storyboard */ = {
			isa = PBXVariantGroup;
			children = (
				DB22087A28DE4C67004A93F5 /* Base */,
			);
			name = LaunchScreen.storyboard;
			sourceTree = "<group>";
		};
/* End PBXVariantGroup section */

/* Begin XCBuildConfiguration section */
		DB22087D28DE4C67004A93F5 /* Debug */ = {
			isa = XCBuildConfiguration;
			buildSettings = {
				ALWAYS_SEARCH_USER_PATHS = NO;
				CLANG_ANALYZER_NONNULL = YES;
				CLANG_ANALYZER_NUMBER_OBJECT_CONVERSION = YES_AGGRESSIVE;
				CLANG_CXX_LANGUAGE_STANDARD = "gnu++20";
				CLANG_ENABLE_MODULES = YES;
				CLANG_ENABLE_OBJC_ARC = YES;
				CLANG_ENABLE_OBJC_WEAK = YES;
				CLANG_WARN_BLOCK_CAPTURE_AUTORELEASING = YES;
				CLANG_WARN_BOOL_CONVERSION = YES;
				CLANG_WARN_COMMA = YES;
				CLANG_WARN_CONSTANT_CONVERSION = YES;
				CLANG_WARN_DEPRECATED_OBJC_IMPLEMENTATIONS = YES;
				CLANG_WARN_DIRECT_OBJC_ISA_USAGE = YES_ERROR;
				CLANG_WARN_DOCUMENTATION_COMMENTS = YES;
				CLANG_WARN_EMPTY_BODY = YES;
				CLANG_WARN_ENUM_CONVERSION = YES;
				CLANG_WARN_INFINITE_RECURSION = YES;
				CLANG_WARN_INT_CONVERSION = YES;
				CLANG_WARN_NON_LITERAL_NULL_CONVERSION = YES;
				CLANG_WARN_OBJC_IMPLICIT_RETAIN_SELF = YES;
				CLANG_WARN_OBJC_LITERAL_CONVERSION = YES;
				CLANG_WARN_OBJC_ROOT_CLASS = YES_ERROR;
				CLANG_WARN_QUOTED_INCLUDE_IN_FRAMEWORK_HEADER = YES;
				CLANG_WARN_RANGE_LOOP_ANALYSIS = YES;
				CLANG_WARN_STRICT_PROTOTYPES = YES;
				CLANG_WARN_SUSPICIOUS_MOVE = YES;
				CLANG_WARN_UNGUARDED_AVAILABILITY = YES_AGGRESSIVE;
				CLANG_WARN_UNREACHABLE_CODE = YES;
				CLANG_WARN__DUPLICATE_METHOD_MATCH = YES;
				COPY_PHASE_STRIP = NO;
				DEBUG_INFORMATION_FORMAT = dwarf;
				ENABLE_STRICT_OBJC_MSGSEND = YES;
				ENABLE_TESTABILITY = YES;
				GCC_C_LANGUAGE_STANDARD = gnu11;
				GCC_DYNAMIC_NO_PIC = NO;
				GCC_NO_COMMON_BLOCKS = YES;
				GCC_OPTIMIZATION_LEVEL = 0;
				GCC_PREPROCESSOR_DEFINITIONS = (
					"DEBUG=1",
					"$(inherited)",
				);
				GCC_WARN_64_TO_32_BIT_CONVERSION = YES;
				GCC_WARN_ABOUT_RETURN_TYPE = YES_ERROR;
				GCC_WARN_UNDECLARED_SELECTOR = YES;
				GCC_WARN_UNINITIALIZED_AUTOS = YES_AGGRESSIVE;
				GCC_WARN_UNUSED_FUNCTION = YES;
				GCC_WARN_UNUSED_VARIABLE = YES;
				IPHONEOS_DEPLOYMENT_TARGET = 16.0;
				MTL_ENABLE_DEBUG_INFO = INCLUDE_SOURCE;
				MTL_FAST_MATH = YES;
				ONLY_ACTIVE_ARCH = YES;
				SDKROOT = iphoneos;
				SWIFT_ACTIVE_COMPILATION_CONDITIONS = DEBUG;
				SWIFT_OPTIMIZATION_LEVEL = "-Onone";
			};
			name = Debug;
		};
		DB22087E28DE4C67004A93F5 /* Release */ = {
			isa = XCBuildConfiguration;
			buildSettings = {
				ALWAYS_SEARCH_USER_PATHS = NO;
				CLANG_ANALYZER_NONNULL = YES;
				CLANG_ANALYZER_NUMBER_OBJECT_CONVERSION = YES_AGGRESSIVE;
				CLANG_CXX_LANGUAGE_STANDARD = "gnu++20";
				CLANG_ENABLE_MODULES = YES;
				CLANG_ENABLE_OBJC_ARC = YES;
				CLANG_ENABLE_OBJC_WEAK = YES;
				CLANG_WARN_BLOCK_CAPTURE_AUTORELEASING = YES;
				CLANG_WARN_BOOL_CONVERSION = YES;
				CLANG_WARN_COMMA = YES;
				CLANG_WARN_CONSTANT_CONVERSION = YES;
				CLANG_WARN_DEPRECATED_OBJC_IMPLEMENTATIONS = YES;
				CLANG_WARN_DIRECT_OBJC_ISA_USAGE = YES_ERROR;
				CLANG_WARN_DOCUMENTATION_COMMENTS = YES;
				CLANG_WARN_EMPTY_BODY = YES;
				CLANG_WARN_ENUM_CONVERSION = YES;
				CLANG_WARN_INFINITE_RECURSION = YES;
				CLANG_WARN_INT_CONVERSION = YES;
				CLANG_WARN_NON_LITERAL_NULL_CONVERSION = YES;
				CLANG_WARN_OBJC_IMPLICIT_RETAIN_SELF = YES;
				CLANG_WARN_OBJC_LITERAL_CONVERSION = YES;
				CLANG_WARN_OBJC_ROOT_CLASS = YES_ERROR;
				CLANG_WARN_QUOTED_INCLUDE_IN_FRAMEWORK_HEADER = YES;
				CLANG_WARN_RANGE_LOOP_ANALYSIS = YES;
				CLANG_WARN_STRICT_PROTOTYPES = YES;
				CLANG_WARN_SUSPICIOUS_MOVE = YES;
				CLANG_WARN_UNGUARDED_AVAILABILITY = YES_AGGRESSIVE;
				CLANG_WARN_UNREACHABLE_CODE = YES;
				CLANG_WARN__DUPLICATE_METHOD_MATCH = YES;
				COPY_PHASE_STRIP = NO;
				DEBUG_INFORMATION_FORMAT = "dwarf-with-dsym";
				ENABLE_NS_ASSERTIONS = NO;
				ENABLE_STRICT_OBJC_MSGSEND = YES;
				GCC_C_LANGUAGE_STANDARD = gnu11;
				GCC_NO_COMMON_BLOCKS = YES;
				GCC_WARN_64_TO_32_BIT_CONVERSION = YES;
				GCC_WARN_ABOUT_RETURN_TYPE = YES_ERROR;
				GCC_WARN_UNDECLARED_SELECTOR = YES;
				GCC_WARN_UNINITIALIZED_AUTOS = YES_AGGRESSIVE;
				GCC_WARN_UNUSED_FUNCTION = YES;
				GCC_WARN_UNUSED_VARIABLE = YES;
				IPHONEOS_DEPLOYMENT_TARGET = 16.0;
				MTL_ENABLE_DEBUG_INFO = NO;
				MTL_FAST_MATH = YES;
				SDKROOT = iphoneos;
				SWIFT_COMPILATION_MODE = wholemodule;
				SWIFT_OPTIMIZATION_LEVEL = "-O";
				VALIDATE_PRODUCT = YES;
			};
			name = Release;
		};
		DB22088028DE4C67004A93F5 /* Debug */ = {
			isa = XCBuildConfiguration;
			baseConfigurationReference = 8EA97B9B40EF5009E859C305 /* Pods-AnimationCar.debug.xcconfig */;
			buildSettings = {
				ASSETCATALOG_COMPILER_APPICON_NAME = AppIcon;
				ASSETCATALOG_COMPILER_GLOBAL_ACCENT_COLOR_NAME = AccentColor;
				CODE_SIGN_STYLE = Automatic;
				CURRENT_PROJECT_VERSION = 1;
				GENERATE_INFOPLIST_FILE = YES;
				INFOPLIST_FILE = AnimationCar/Info.plist;
				INFOPLIST_KEY_UIApplicationSupportsIndirectInputEvents = YES;
				INFOPLIST_KEY_UILaunchStoryboardName = LaunchScreen;
				INFOPLIST_KEY_UIMainStoryboardFile = Main;
				INFOPLIST_KEY_UISupportedInterfaceOrientations_iPad = "UIInterfaceOrientationPortrait UIInterfaceOrientationPortraitUpsideDown UIInterfaceOrientationLandscapeLeft UIInterfaceOrientationLandscapeRight";
				INFOPLIST_KEY_UISupportedInterfaceOrientations_iPhone = "UIInterfaceOrientationPortrait UIInterfaceOrientationLandscapeLeft UIInterfaceOrientationLandscapeRight";
				LD_RUNPATH_SEARCH_PATHS = (
					"$(inherited)",
					"@executable_path/Frameworks",
				);
				MARKETING_VERSION = 1.0;
				PRODUCT_BUNDLE_IDENTIFIER = one.AnimationCar;
				PRODUCT_NAME = "$(TARGET_NAME)";
				SWIFT_EMIT_LOC_STRINGS = YES;
				SWIFT_VERSION = 5.0;
				TARGETED_DEVICE_FAMILY = "1,2";
			};
			name = Debug;
		};
		DB22088128DE4C67004A93F5 /* Release */ = {
			isa = XCBuildConfiguration;
			baseConfigurationReference = 0787EF05B79929F89780F8FC /* Pods-AnimationCar.release.xcconfig */;
			buildSettings = {
				ASSETCATALOG_COMPILER_APPICON_NAME = AppIcon;
				ASSETCATALOG_COMPILER_GLOBAL_ACCENT_COLOR_NAME = AccentColor;
				CODE_SIGN_STYLE = Automatic;
				CURRENT_PROJECT_VERSION = 1;
				GENERATE_INFOPLIST_FILE = YES;
				INFOPLIST_FILE = AnimationCar/Info.plist;
				INFOPLIST_KEY_UIApplicationSupportsIndirectInputEvents = YES;
				INFOPLIST_KEY_UILaunchStoryboardName = LaunchScreen;
				INFOPLIST_KEY_UIMainStoryboardFile = Main;
				INFOPLIST_KEY_UISupportedInterfaceOrientations_iPad = "UIInterfaceOrientationPortrait UIInterfaceOrientationPortraitUpsideDown UIInterfaceOrientationLandscapeLeft UIInterfaceOrientationLandscapeRight";
				INFOPLIST_KEY_UISupportedInterfaceOrientations_iPhone = "UIInterfaceOrientationPortrait UIInterfaceOrientationLandscapeLeft UIInterfaceOrientationLandscapeRight";
				LD_RUNPATH_SEARCH_PATHS = (
					"$(inherited)",
					"@executable_path/Frameworks",
				);
				MARKETING_VERSION = 1.0;
				PRODUCT_BUNDLE_IDENTIFIER = one.AnimationCar;
				PRODUCT_NAME = "$(TARGET_NAME)";
				SWIFT_EMIT_LOC_STRINGS = YES;
				SWIFT_VERSION = 5.0;
				TARGETED_DEVICE_FAMILY = "1,2";
			};
			name = Release;
		};
/* End XCBuildConfiguration section */

/* Begin XCConfigurationList section */
		DB22086628DE4C63004A93F5 /* Build configuration list for PBXProject "AnimationCar" */ = {
			isa = XCConfigurationList;
			buildConfigurations = (
				DB22087D28DE4C67004A93F5 /* Debug */,
				DB22087E28DE4C67004A93F5 /* Release */,
			);
			defaultConfigurationIsVisible = 0;
			defaultConfigurationName = Release;
		};
		DB22087F28DE4C67004A93F5 /* Build configuration list for PBXNativeTarget "AnimationCar" */ = {
			isa = XCConfigurationList;
			buildConfigurations = (
				DB22088028DE4C67004A93F5 /* Debug */,
				DB22088128DE4C67004A93F5 /* Release */,
			);
			defaultConfigurationIsVisible = 0;
			defaultConfigurationName = Release;
		};
/* End XCConfigurationList section */
	};
	rootObject = DB22086328DE4C63004A93F5 /* Project object */;
}
